
Microsoft Visual Studio Solution File, Format Version 12.00
# Visual Studio 14
VisualStudioVersion = 14.0.24720.0
MinimumVisualStudioVersion = 10.0.40219.1
Project("{FAE04EC0-301F-11D3-BF4B-00C04F79EFBC}") = "VismutaGUI", "Vismuta\VismutaGUI.csproj", "{ABC1DACF-3BFD-47F7-B69D-A3911DD0CC25}"
EndProject
Project("{FAE04EC0-301F-11D3-BF4B-00C04F79EFBC}") = "VismutaLib", "VismutaLib\VismutaLib.csproj", "{DB125F30-200E-487B-A0CE-BCCB6148D634}"
EndProject
Project("{FAE04EC0-301F-11D3-BF4B-00C04F79EFBC}") = "VismutaCLI", "VismutaCLI\VismutaCLI.csproj", "{D7C754E0-5891-48B1-A5F4-5F003E134AF6}"
EndProject
Global
	GlobalSection(SolutionConfigurationPlatforms) = preSolution
		Debug|Any CPU = Debug|Any CPU
		Release|Any CPU = Release|Any CPU
	EndGlobalSection
	GlobalSection(ProjectConfigurationPlatforms) = postSolution
		{ABC1DACF-3BFD-47F7-B69D-A3911DD0CC25}.Debug|Any CPU.ActiveCfg = Debug|Any CPU
		{ABC1DACF-3BFD-47F7-B69D-A3911DD0CC25}.Debug|Any CPU.Build.0 = Debug|Any CPU
		{ABC1DACF-3BFD-47F7-B69D-A3911DD0CC25}.Release|Any CPU.ActiveCfg = Release|Any CPU
		{ABC1DACF-3BFD-47F7-B69D-A3911DD0CC25}.Release|Any CPU.Build.0 = Release|Any CPU
		{DB125F30-200E-487B-A0CE-BCCB6148D634}.Debug|Any CPU.ActiveCfg = Debug|Any CPU
		{DB125F30-200E-487B-A0CE-BCCB6148D634}.Debug|Any CPU.Build.0 = Debug|Any CPU
		{DB125F30-200E-487B-A0CE-BCCB6148D634}.Release|Any CPU.ActiveCfg = Release|Any CPU
		{DB125F30-200E-487B-A0CE-BCCB6148D634}.Release|Any CPU.Build.0 = Release|Any CPU
		{D7C754E0-5891-48B1-A5F4-5F003E134AF6}.Debug|Any CPU.ActiveCfg = Debug|Any CPU
		{D7C754E0-5891-48B1-A5F4-5F003E134AF6}.Debug|Any CPU.Build.0 = Debug|Any CPU
		{D7C754E0-5891-48B1-A5F4-5F003E134AF6}.Release|Any CPU.ActiveCfg = Release|Any CPU
		{D7C754E0-5891-48B1-A5F4-5F003E134AF6}.Release|Any CPU.Build.0 = Release|Any CPU
	EndGlobalSection
	GlobalSection(SolutionProperties) = preSolution
		HideSolutionNode = FALSE
	EndGlobalSection
EndGlobal
